
Microsoft Visual Studio Solution File, Format Version 12.00
# Visual Studio Version 16
VisualStudioVersion = 16.0.31624.102
MinimumVisualStudioVersion = 10.0.40219.1
Project("{FAE04EC0-301F-11D3-BF4B-00C04F79EFBC}") = "ProyectoFinal_Tercer_Requerimiento", "ProyectoFinal_Tercer_Requerimiento\ProyectoFinal_Tercer_Requerimiento.csproj", "{F5331699-9D93-43E0-9A89-53C1AFA85595}"
EndProject
Global
	GlobalSection(SolutionConfigurationPlatforms) = preSolution
		Debug|Any CPU = Debug|Any CPU
		Release|Any CPU = Release|Any CPU
	EndGlobalSection
	GlobalSection(ProjectConfigurationPlatforms) = postSolution
		{F5331699-9D93-43E0-9A89-53C1AFA85595}.Debug|Any CPU.ActiveCfg = Debug|Any CPU
		{F5331699-9D93-43E0-9A89-53C1AFA85595}.Debug|Any CPU.Build.0 = Debug|Any CPU
		{F5331699-9D93-43E0-9A89-53C1AFA85595}.Release|Any CPU.ActiveCfg = Release|Any CPU
		{F5331699-9D93-43E0-9A89-53C1AFA85595}.Release|Any CPU.Build.0 = Release|Any CPU
	EndGlobalSection
	GlobalSection(SolutionProperties) = preSolution
		HideSolutionNode = FALSE
	EndGlobalSection
	GlobalSection(ExtensibilityGlobals) = postSolution
		SolutionGuid = {317C1DA5-DBB8-4BBC-B4C0-60128502FE35}
	EndGlobalSection
EndGlobal
